
Microsoft Visual Studio Solution File, Format Version 12.00
Project("{FAE04EC0-301F-11D3-BF4B-00C04F79EFBC}") = "DevLife.Api", "DevLife.Api\DevLife.Api.csproj", "{9916FF9A-8FFA-4A16-9630-183FF958A6B5}"
EndProject
Project("{2150E333-8FDC-42A3-9474-1A3956D46DE8}") = "App", "App", "{1EB1A76C-3ED1-4A71-B66C-F8B52C2DE81D}"
EndProject
Project("{2150E333-8FDC-42A3-9474-1A3956D46DE8}") = "Src", "Src", "{06F874F5-2754-4EF2-A761-97E5BF93B846}"
EndProject
Project("{2150E333-8FDC-42A3-9474-1A3956D46DE8}") = "Core", "Core", "{254AF269-C033-4307-BAFB-E8F924C23365}"
EndProject
Project("{2150E333-8FDC-42A3-9474-1A3956D46DE8}") = "Infrastructure", "Infrastructure", "{AFD172AB-3EFA-439D-ABC0-FB9E07C0EA6F}"
EndProject
Project("{2150E333-8FDC-42A3-9474-1A3956D46DE8}") = "Test", "Test", "{EEDD2F16-FF8E-491F-A6AF-6B7E175DDA98}"
EndProject
Project("{FAE04EC0-301F-11D3-BF4B-00C04F79EFBC}") = "DevFile.Application", "DevFile.Application\DevFile.Application.csproj", "{35302789-C8D8-4A7A-ACDC-661A1BBD2EB3}"
EndProject
Project("{FAE04EC0-301F-11D3-BF4B-00C04F79EFBC}") = "DevLife.Domain", "DevLife.Domain\DevLife.Domain.csproj", "{33BC2FF6-4206-4D97-A178-9081C2361105}"
EndProject
Project("{FAE04EC0-301F-11D3-BF4B-00C04F79EFBC}") = "DevLife.Infrastructure", "DevLife.Infrastructure\DevLife.Infrastructure.csproj", "{EA29DD71-7FFC-4978-8B24-5FF976A01FC7}"
EndProject
Global
	GlobalSection(SolutionConfigurationPlatforms) = preSolution
		Debug|Any CPU = Debug|Any CPU
		Release|Any CPU = Release|Any CPU
	EndGlobalSection
	GlobalSection(NestedProjects) = preSolution
		{9916FF9A-8FFA-4A16-9630-183FF958A6B5} = {1EB1A76C-3ED1-4A71-B66C-F8B52C2DE81D}
		{1EB1A76C-3ED1-4A71-B66C-F8B52C2DE81D} = {06F874F5-2754-4EF2-A761-97E5BF93B846}
		{254AF269-C033-4307-BAFB-E8F924C23365} = {06F874F5-2754-4EF2-A761-97E5BF93B846}
		{AFD172AB-3EFA-439D-ABC0-FB9E07C0EA6F} = {06F874F5-2754-4EF2-A761-97E5BF93B846}
		{EEDD2F16-FF8E-491F-A6AF-6B7E175DDA98} = {06F874F5-2754-4EF2-A761-97E5BF93B846}
		{35302789-C8D8-4A7A-ACDC-661A1BBD2EB3} = {254AF269-C033-4307-BAFB-E8F924C23365}
		{33BC2FF6-4206-4D97-A178-9081C2361105} = {254AF269-C033-4307-BAFB-E8F924C23365}
		{EA29DD71-7FFC-4978-8B24-5FF976A01FC7} = {AFD172AB-3EFA-439D-ABC0-FB9E07C0EA6F}
	EndGlobalSection
	GlobalSection(ProjectConfigurationPlatforms) = postSolution
		{9916FF9A-8FFA-4A16-9630-183FF958A6B5}.Debug|Any CPU.ActiveCfg = Debug|Any CPU
		{9916FF9A-8FFA-4A16-9630-183FF958A6B5}.Debug|Any CPU.Build.0 = Debug|Any CPU
		{9916FF9A-8FFA-4A16-9630-183FF958A6B5}.Release|Any CPU.ActiveCfg = Release|Any CPU
		{9916FF9A-8FFA-4A16-9630-183FF958A6B5}.Release|Any CPU.Build.0 = Release|Any CPU
		{35302789-C8D8-4A7A-ACDC-661A1BBD2EB3}.Debug|Any CPU.ActiveCfg = Debug|Any CPU
		{35302789-C8D8-4A7A-ACDC-661A1BBD2EB3}.Debug|Any CPU.Build.0 = Debug|Any CPU
		{35302789-C8D8-4A7A-ACDC-661A1BBD2EB3}.Release|Any CPU.ActiveCfg = Release|Any CPU
		{35302789-C8D8-4A7A-ACDC-661A1BBD2EB3}.Release|Any CPU.Build.0 = Release|Any CPU
		{33BC2FF6-4206-4D97-A178-9081C2361105}.Debug|Any CPU.ActiveCfg = Debug|Any CPU
		{33BC2FF6-4206-4D97-A178-9081C2361105}.Debug|Any CPU.Build.0 = Debug|Any CPU
		{33BC2FF6-4206-4D97-A178-9081C2361105}.Release|Any CPU.ActiveCfg = Release|Any CPU
		{33BC2FF6-4206-4D97-A178-9081C2361105}.Release|Any CPU.Build.0 = Release|Any CPU
		{EA29DD71-7FFC-4978-8B24-5FF976A01FC7}.Debug|Any CPU.ActiveCfg = Debug|Any CPU
		{EA29DD71-7FFC-4978-8B24-5FF976A01FC7}.Debug|Any CPU.Build.0 = Debug|Any CPU
		{EA29DD71-7FFC-4978-8B24-5FF976A01FC7}.Release|Any CPU.ActiveCfg = Release|Any CPU
		{EA29DD71-7FFC-4978-8B24-5FF976A01FC7}.Release|Any CPU.Build.0 = Release|Any CPU
	EndGlobalSection
EndGlobal
